
Microsoft Visual Studio Solution File, Format Version 12.00
# Visual Studio 15
VisualStudioVersion = 15.0.28307.168
MinimumVisualStudioVersion = 10.0.40219.1
Project("{FAE04EC0-301F-11D3-BF4B-00C04F79EFBC}") = "ReduxExample.Android", "ReduxExample\ReduxExample.Android\ReduxExample.Android.csproj", "{24CE3C36-16B9-426D-AA0C-5961ECF8D88C}"
EndProject
Project("{FAE04EC0-301F-11D3-BF4B-00C04F79EFBC}") = "ReduxExample.iOS", "ReduxExample\ReduxExample.iOS\ReduxExample.iOS.csproj", "{D7135BAC-80C1-4067-B6B3-F5EA35F5EF85}"
EndProject
Project("{FAE04EC0-301F-11D3-BF4B-00C04F79EFBC}") = "ReduxExample.UWP", "ReduxExample\ReduxExample.UWP\ReduxExample.UWP.csproj", "{CAE542EF-803A-4BCA-894F-3D83C8B5BDE3}"
EndProject
Project("{9A19103F-16F7-4668-BE54-9A1E7A4F7556}") = "ReduxExample", "ReduxExample\ReduxExample\ReduxExample.csproj", "{BBE50031-52DB-48EC-A26A-BA35B85F3DA7}"
EndProject
Global
	GlobalSection(SolutionConfigurationPlatforms) = preSolution
		Debug|Any CPU = Debug|Any CPU
		Debug|ARM = Debug|ARM
		Debug|iPhone = Debug|iPhone
		Debug|iPhoneSimulator = Debug|iPhoneSimulator
		Debug|x64 = Debug|x64
		Debug|x86 = Debug|x86
		Release|Any CPU = Release|Any CPU
		Release|ARM = Release|ARM
		Release|iPhone = Release|iPhone
		Release|iPhoneSimulator = Release|iPhoneSimulator
		Release|x64 = Release|x64
		Release|x86 = Release|x86
	EndGlobalSection
	GlobalSection(ProjectConfigurationPlatforms) = postSolution
		{24CE3C36-16B9-426D-AA0C-5961ECF8D88C}.Debug|Any CPU.ActiveCfg = Debug|Any CPU
		{24CE3C36-16B9-426D-AA0C-5961ECF8D88C}.Debug|Any CPU.Build.0 = Debug|Any CPU
		{24CE3C36-16B9-426D-AA0C-5961ECF8D88C}.Debug|Any CPU.Deploy.0 = Debug|Any CPU
		{24CE3C36-16B9-426D-AA0C-5961ECF8D88C}.Debug|ARM.ActiveCfg = Debug|Any CPU
		{24CE3C36-16B9-426D-AA0C-5961ECF8D88C}.Debug|ARM.Build.0 = Debug|Any CPU
		{24CE3C36-16B9-426D-AA0C-5961ECF8D88C}.Debug|ARM.Deploy.0 = Debug|Any CPU
		{24CE3C36-16B9-426D-AA0C-5961ECF8D88C}.Debug|iPhone.ActiveCfg = Debug|Any CPU
		{24CE3C36-16B9-426D-AA0C-5961ECF8D88C}.Debug|iPhone.Build.0 = Debug|Any CPU
		{24CE3C36-16B9-426D-AA0C-5961ECF8D88C}.Debug|iPhone.Deploy.0 = Debug|Any CPU
		{24CE3C36-16B9-426D-AA0C-5961ECF8D88C}.Debug|iPhoneSimulator.ActiveCfg = Debug|Any CPU
		{24CE3C36-16B9-426D-AA0C-5961ECF8D88C}.Debug|iPhoneSimulator.Build.0 = Debug|Any CPU
		{24CE3C36-16B9-426D-AA0C-5961ECF8D88C}.Debug|iPhoneSimulator.Deploy.0 = Debug|Any CPU
		{24CE3C36-16B9-426D-AA0C-5961ECF8D88C}.Debug|x64.ActiveCfg = Debug|Any CPU
		{24CE3C36-16B9-426D-AA0C-5961ECF8D88C}.Debug|x64.Build.0 = Debug|Any CPU
		{24CE3C36-16B9-426D-AA0C-5961ECF8D88C}.Debug|x64.Deploy.0 = Debug|Any CPU
		{24CE3C36-16B9-426D-AA0C-5961ECF8D88C}.Debug|x86.ActiveCfg = Debug|Any CPU
		{24CE3C36-16B9-426D-AA0C-5961ECF8D88C}.Debug|x86.Build.0 = Debug|Any CPU
		{24CE3C36-16B9-426D-AA0C-5961ECF8D88C}.Debug|x86.Deploy.0 = Debug|Any CPU
		{24CE3C36-16B9-426D-AA0C-5961ECF8D88C}.Release|Any CPU.ActiveCfg = Release|Any CPU
		{24CE3C36-16B9-426D-AA0C-5961ECF8D88C}.Release|Any CPU.Build.0 = Release|Any CPU
		{24CE3C36-16B9-426D-AA0C-5961ECF8D88C}.Release|Any CPU.Deploy.0 = Release|Any CPU
		{24CE3C36-16B9-426D-AA0C-5961ECF8D88C}.Release|ARM.ActiveCfg = Release|Any CPU
		{24CE3C36-16B9-426D-AA0C-5961ECF8D88C}.Release|ARM.Build.0 = Release|Any CPU
		{24CE3C36-16B9-426D-AA0C-5961ECF8D88C}.Release|ARM.Deploy.0 = Release|Any CPU
		{24CE3C36-16B9-426D-AA0C-5961ECF8D88C}.Release|iPhone.ActiveCfg = Release|Any CPU
		{24CE3C36-16B9-426D-AA0C-5961ECF8D88C}.Release|iPhone.Build.0 = Release|Any CPU
		{24CE3C36-16B9-426D-AA0C-5961ECF8D88C}.Release|iPhone.Deploy.0 = Release|Any CPU
		{24CE3C36-16B9-426D-AA0C-5961ECF8D88C}.Release|iPhoneSimulator.ActiveCfg = Release|Any CPU
		{24CE3C36-16B9-426D-AA0C-5961ECF8D88C}.Release|iPhoneSimulator.Build.0 = Release|Any CPU
		{24CE3C36-16B9-426D-AA0C-5961ECF8D88C}.Release|iPhoneSimulator.Deploy.0 = Release|Any CPU
		{24CE3C36-16B9-426D-AA0C-5961ECF8D88C}.Release|x64.ActiveCfg = Release|Any CPU
		{24CE3C36-16B9-426D-AA0C-5961ECF8D88C}.Release|x64.Build.0 = Release|Any CPU
		{24CE3C36-16B9-426D-AA0C-5961ECF8D88C}.Release|x64.Deploy.0 = Release|Any CPU
		{24CE3C36-16B9-426D-AA0C-5961ECF8D88C}.Release|x86.ActiveCfg = Release|Any CPU
		{24CE3C36-16B9-426D-AA0C-5961ECF8D88C}.Release|x86.Build.0 = Release|Any CPU
		{24CE3C36-16B9-426D-AA0C-5961ECF8D88C}.Release|x86.Deploy.0 = Release|Any CPU
		{D7135BAC-80C1-4067-B6B3-F5EA35F5EF85}.Debug|Any CPU.ActiveCfg = Debug|iPhoneSimulator
		{D7135BAC-80C1-4067-B6B3-F5EA35F5EF85}.Debug|Any CPU.Build.0 = Debug|iPhoneSimulator
		{D7135BAC-80C1-4067-B6B3-F5EA35F5EF85}.Debug|Any CPU.Deploy.0 = Debug|iPhoneSimulator
		{D7135BAC-80C1-4067-B6B3-F5EA35F5EF85}.Debug|ARM.ActiveCfg = Debug|iPhone
		{D7135BAC-80C1-4067-B6B3-F5EA35F5EF85}.Debug|ARM.Build.0 = Debug|iPhone
		{D7135BAC-80C1-4067-B6B3-F5EA35F5EF85}.Debug|ARM.Deploy.0 = Debug|iPhone
		{D7135BAC-80C1-4067-B6B3-F5EA35F5EF85}.Debug|iPhone.ActiveCfg = Debug|iPhone
		{D7135BAC-80C1-4067-B6B3-F5EA35F5EF85}.Debug|iPhone.Build.0 = Debug|iPhone
		{D7135BAC-80C1-4067-B6B3-F5EA35F5EF85}.Debug|iPhone.Deploy.0 = Debug|iPhone
		{D7135BAC-80C1-4067-B6B3-F5EA35F5EF85}.Debug|iPhoneSimulator.ActiveCfg = Debug|iPhoneSimulator
		{D7135BAC-80C1-4067-B6B3-F5EA35F5EF85}.Debug|iPhoneSimulator.Build.0 = Debug|iPhoneSimulator
		{D7135BAC-80C1-4067-B6B3-F5EA35F5EF85}.Debug|iPhoneSimulator.Deploy.0 = Debug|iPhoneSimulator
		{D7135BAC-80C1-4067-B6B3-F5EA35F5EF85}.Debug|x64.ActiveCfg = Debug|iPhone
		{D7135BAC-80C1-4067-B6B3-F5EA35F5EF85}.Debug|x64.Build.0 = Debug|iPhone
		{D7135BAC-80C1-4067-B6B3-F5EA35F5EF85}.Debug|x64.Deploy.0 = Debug|iPhone
		{D7135BAC-80C1-4067-B6B3-F5EA35F5EF85}.Debug|x86.ActiveCfg = Debug|iPhone
		{D7135BAC-80C1-4067-B6B3-F5EA35F5EF85}.Debug|x86.Build.0 = Debug|iPhone
		{D7135BAC-80C1-4067-B6B3-F5EA35F5EF85}.Debug|x86.Deploy.0 = Debug|iPhone
		{D7135BAC-80C1-4067-B6B3-F5EA35F5EF85}.Release|Any CPU.ActiveCfg = Release|iPhone
		{D7135BAC-80C1-4067-B6B3-F5EA35F5EF85}.Release|Any CPU.Build.0 = Release|iPhone
		{D7135BAC-80C1-4067-B6B3-F5EA35F5EF85}.Release|Any CPU.Deploy.0 = Release|iPhone
		{D7135BAC-80C1-4067-B6B3-F5EA35F5EF85}.Release|ARM.ActiveCfg = Release|iPhone
		{D7135BAC-80C1-4067-B6B3-F5EA35F5EF85}.Release|ARM.Build.0 = Release|iPhone
		{D7135BAC-80C1-4067-B6B3-F5EA35F5EF85}.Release|ARM.Deploy.0 = Release|iPhone
		{D7135BAC-80C1-4067-B6B3-F5EA35F5EF85}.Release|iPhone.ActiveCfg = Release|iPhone
		{D7135BAC-80C1-4067-B6B3-F5EA35F5EF85}.Release|iPhone.Build.0 = Release|iPhone
		{D7135BAC-80C1-4067-B6B3-F5EA35F5EF85}.Release|iPhone.Deploy.0 = Release|iPhone
		{D7135BAC-80C1-4067-B6B3-F5EA35F5EF85}.Release|iPhoneSimulator.ActiveCfg = Release|iPhoneSimulator
		{D7135BAC-80C1-4067-B6B3-F5EA35F5EF85}.Release|iPhoneSimulator.Build.0 = Release|iPhoneSimulator
		{D7135BAC-80C1-4067-B6B3-F5EA35F5EF85}.Release|iPhoneSimulator.Deploy.0 = Release|iPhoneSimulator
		{D7135BAC-80C1-4067-B6B3-F5EA35F5EF85}.Release|x64.ActiveCfg = Release|iPhone
		{D7135BAC-80C1-4067-B6B3-F5EA35F5EF85}.Release|x64.Build.0 = Release|iPhone
		{D7135BAC-80C1-4067-B6B3-F5EA35F5EF85}.Release|x64.Deploy.0 = Release|iPhone
		{D7135BAC-80C1-4067-B6B3-F5EA35F5EF85}.Release|x86.ActiveCfg = Release|iPhone
		{D7135BAC-80C1-4067-B6B3-F5EA35F5EF85}.Release|x86.Build.0 = Release|iPhone
		{D7135BAC-80C1-4067-B6B3-F5EA35F5EF85}.Release|x86.Deploy.0 = Release|iPhone
		{CAE542EF-803A-4BCA-894F-3D83C8B5BDE3}.Debug|Any CPU.ActiveCfg = Debug|x86
		{CAE542EF-803A-4BCA-894F-3D83C8B5BDE3}.Debug|Any CPU.Build.0 = Debug|x86
		{CAE542EF-803A-4BCA-894F-3D83C8B5BDE3}.Debug|Any CPU.Deploy.0 = Debug|x86
		{CAE542EF-803A-4BCA-894F-3D83C8B5BDE3}.Debug|ARM.ActiveCfg = Debug|ARM
		{CAE542EF-803A-4BCA-894F-3D83C8B5BDE3}.Debug|ARM.Build.0 = Debug|ARM
		{CAE542EF-803A-4BCA-894F-3D83C8B5BDE3}.Debug|ARM.Deploy.0 = Debug|ARM
		{CAE542EF-803A-4BCA-894F-3D83C8B5BDE3}.Debug|iPhone.ActiveCfg = Debug|x86
		{CAE542EF-803A-4BCA-894F-3D83C8B5BDE3}.Debug|iPhone.Build.0 = Debug|x86
		{CAE542EF-803A-4BCA-894F-3D83C8B5BDE3}.Debug|iPhone.Deploy.0 = Debug|x86
		{CAE542EF-803A-4BCA-894F-3D83C8B5BDE3}.Debug|iPhoneSimulator.ActiveCfg = Debug|x86
		{CAE542EF-803A-4BCA-894F-3D83C8B5BDE3}.Debug|iPhoneSimulator.Build.0 = Debug|x86
		{CAE542EF-803A-4BCA-894F-3D83C8B5BDE3}.Debug|iPhoneSimulator.Deploy.0 = Debug|x86
		{CAE542EF-803A-4BCA-894F-3D83C8B5BDE3}.Debug|x64.ActiveCfg = Debug|x64
		{CAE542EF-803A-4BCA-894F-3D83C8B5BDE3}.Debug|x64.Build.0 = Debug|x64
		{CAE542EF-803A-4BCA-894F-3D83C8B5BDE3}.Debug|x64.Deploy.0 = Debug|x64
		{CAE542EF-803A-4BCA-894F-3D83C8B5BDE3}.Debug|x86.ActiveCfg = Debug|x86
		{CAE542EF-803A-4BCA-894F-3D83C8B5BDE3}.Debug|x86.Build.0 = Debug|x86
		{CAE542EF-803A-4BCA-894F-3D83C8B5BDE3}.Debug|x86.Deploy.0 = Debug|x86
		{CAE542EF-803A-4BCA-894F-3D83C8B5BDE3}.Release|Any CPU.ActiveCfg = Release|x86
		{CAE542EF-803A-4BCA-894F-3D83C8B5BDE3}.Release|Any CPU.Build.0 = Release|x86
		{CAE542EF-803A-4BCA-894F-3D83C8B5BDE3}.Release|Any CPU.Deploy.0 = Release|x86
		{CAE542EF-803A-4BCA-894F-3D83C8B5BDE3}.Release|ARM.ActiveCfg = Release|ARM
		{CAE542EF-803A-4BCA-894F-3D83C8B5BDE3}.Release|ARM.Build.0 = Release|ARM
		{CAE542EF-803A-4BCA-894F-3D83C8B5BDE3}.Release|ARM.Deploy.0 = Release|ARM
		{CAE542EF-803A-4BCA-894F-3D83C8B5BDE3}.Release|iPhone.ActiveCfg = Release|x86
		{CAE542EF-803A-4BCA-894F-3D83C8B5BDE3}.Release|iPhone.Build.0 = Release|x86
		{CAE542EF-803A-4BCA-894F-3D83C8B5BDE3}.Release|iPhone.Deploy.0 = Release|x86
		{CAE542EF-803A-4BCA-894F-3D83C8B5BDE3}.Release|iPhoneSimulator.ActiveCfg = Release|x86
		{CAE542EF-803A-4BCA-894F-3D83C8B5BDE3}.Release|iPhoneSimulator.Build.0 = Release|x86
		{CAE542EF-803A-4BCA-894F-3D83C8B5BDE3}.Release|iPhoneSimulator.Deploy.0 = Release|x86
		{CAE542EF-803A-4BCA-894F-3D83C8B5BDE3}.Release|x64.ActiveCfg = Release|x64
		{CAE542EF-803A-4BCA-894F-3D83C8B5BDE3}.Release|x64.Build.0 = Release|x64
		{CAE542EF-803A-4BCA-894F-3D83C8B5BDE3}.Release|x64.Deploy.0 = Release|x64
		{CAE542EF-803A-4BCA-894F-3D83C8B5BDE3}.Release|x86.ActiveCfg = Release|x86
		{CAE542EF-803A-4BCA-894F-3D83C8B5BDE3}.Release|x86.Build.0 = Release|x86
		{CAE542EF-803A-4BCA-894F-3D83C8B5BDE3}.Release|x86.Deploy.0 = Release|x86
		{BBE50031-52DB-48EC-A26A-BA35B85F3DA7}.Debug|Any CPU.ActiveCfg = Debug|Any CPU
		{BBE50031-52DB-48EC-A26A-BA35B85F3DA7}.Debug|Any CPU.Build.0 = Debug|Any CPU
		{BBE50031-52DB-48EC-A26A-BA35B85F3DA7}.Debug|Any CPU.Deploy.0 = Debug|Any CPU
		{BBE50031-52DB-48EC-A26A-BA35B85F3DA7}.Debug|ARM.ActiveCfg = Debug|Any CPU
		{BBE50031-52DB-48EC-A26A-BA35B85F3DA7}.Debug|ARM.Build.0 = Debug|Any CPU
		{BBE50031-52DB-48EC-A26A-BA35B85F3DA7}.Debug|ARM.Deploy.0 = Debug|Any CPU
		{BBE50031-52DB-48EC-A26A-BA35B85F3DA7}.Debug|iPhone.ActiveCfg = Debug|Any CPU
		{BBE50031-52DB-48EC-A26A-BA35B85F3DA7}.Debug|iPhone.Build.0 = Debug|Any CPU
		{BBE50031-52DB-48EC-A26A-BA35B85F3DA7}.Debug|iPhone.Deploy.0 = Debug|Any CPU
		{BBE50031-52DB-48EC-A26A-BA35B85F3DA7}.Debug|iPhoneSimulator.ActiveCfg = Debug|Any CPU
		{BBE50031-52DB-48EC-A26A-BA35B85F3DA7}.Debug|iPhoneSimulator.Build.0 = Debug|Any CPU
		{BBE50031-52DB-48EC-A26A-BA35B85F3DA7}.Debug|iPhoneSimulator.Deploy.0 = Debug|Any CPU
		{BBE50031-52DB-48EC-A26A-BA35B85F3DA7}.Debug|x64.ActiveCfg = Debug|Any CPU
		{BBE50031-52DB-48EC-A26A-BA35B85F3DA7}.Debug|x64.Build.0 = Debug|Any CPU
		{BBE50031-52DB-48EC-A26A-BA35B85F3DA7}.Debug|x64.Deploy.0 = Debug|Any CPU
		{BBE50031-52DB-48EC-A26A-BA35B85F3DA7}.Debug|x86.ActiveCfg = Debug|Any CPU
		{BBE50031-52DB-48EC-A26A-BA35B85F3DA7}.Debug|x86.Build.0 = Debug|Any CPU
		{BBE50031-52DB-48EC-A26A-BA35B85F3DA7}.Debug|x86.Deploy.0 = Debug|Any CPU
		{BBE50031-52DB-48EC-A26A-BA35B85F3DA7}.Release|Any CPU.ActiveCfg = Release|Any CPU
		{BBE50031-52DB-48EC-A26A-BA35B85F3DA7}.Release|Any CPU.Build.0 = Release|Any CPU
		{BBE50031-52DB-48EC-A26A-BA35B85F3DA7}.Release|Any CPU.Deploy.0 = Release|Any CPU
		{BBE50031-52DB-48EC-A26A-BA35B85F3DA7}.Release|ARM.ActiveCfg = Release|Any CPU
		{BBE50031-52DB-48EC-A26A-BA35B85F3DA7}.Release|ARM.Build.0 = Release|Any CPU
		{BBE50031-52DB-48EC-A26A-BA35B85F3DA7}.Release|ARM.Deploy.0 = Release|Any CPU
		{BBE50031-52DB-48EC-A26A-BA35B85F3DA7}.Release|iPhone.ActiveCfg = Release|Any CPU
		{BBE50031-52DB-48EC-A26A-BA35B85F3DA7}.Release|iPhone.Build.0 = Release|Any CPU
		{BBE50031-52DB-48EC-A26A-BA35B85F3DA7}.Release|iPhone.Deploy.0 = Release|Any CPU
		{BBE50031-52DB-48EC-A26A-BA35B85F3DA7}.Release|iPhoneSimulator.ActiveCfg = Release|Any CPU
		{BBE50031-52DB-48EC-A26A-BA35B85F3DA7}.Release|iPhoneSimulator.Build.0 = Release|Any CPU
		{BBE50031-52DB-48EC-A26A-BA35B85F3DA7}.Release|iPhoneSimulator.Deploy.0 = Release|Any CPU
		{BBE50031-52DB-48EC-A26A-BA35B85F3DA7}.Release|x64.ActiveCfg = Release|Any CPU
		{BBE50031-52DB-48EC-A26A-BA35B85F3DA7}.Release|x64.Build.0 = Release|Any CPU
		{BBE50031-52DB-48EC-A26A-BA35B85F3DA7}.Release|x64.Deploy.0 = Release|Any CPU
		{BBE50031-52DB-48EC-A26A-BA35B85F3DA7}.Release|x86.ActiveCfg = Release|Any CPU
		{BBE50031-52DB-48EC-A26A-BA35B85F3DA7}.Release|x86.Build.0 = Release|Any CPU
		{BBE50031-52DB-48EC-A26A-BA35B85F3DA7}.Release|x86.Deploy.0 = Release|Any CPU
	EndGlobalSection
	GlobalSection(SolutionProperties) = preSolution
		HideSolutionNode = FALSE
	EndGlobalSection
	GlobalSection(ExtensibilityGlobals) = postSolution
		SolutionGuid = {1D796EA7-3526-4A61-9BB9-00F3BC74431B}
	EndGlobalSection
EndGlobal
